
Microsoft Visual Studio Solution File, Format Version 12.00
# Visual Studio Version 16
VisualStudioVersion = 16.0.29102.190
MinimumVisualStudioVersion = 10.0.40219.1
Project("{2150E333-8FDC-42A3-9474-1A3956D46DE8}") = "Apps", "Apps", "{62A474B7-CA9B-4596-B416-400EC96576AA}"
EndProject
Project("{2150E333-8FDC-42A3-9474-1A3956D46DE8}") = "Wpf", "Wpf", "{EFEAE783-5EEC-4D02-BADC-0C3BB2556C1D}"
EndProject
Project("{2150E333-8FDC-42A3-9474-1A3956D46DE8}") = "Setup", "Setup", "{85810FB7-E254-421B-9C98-72A118580A0C}"
EndProject
Project("{9A19103F-16F7-4668-BE54-9A1E7A4F7556}") = "PasswordKeeper.Apps.Communication", "PasswordKeeper.Apps.Communication\PasswordKeeper.Apps.Communication.csproj", "{D012E089-0962-48D2-8635-5532EF1BAA55}"
EndProject
Project("{9A19103F-16F7-4668-BE54-9A1E7A4F7556}") = "PasswordKeeper.Security", "PasswordKeeper.Security\PasswordKeeper.Security.csproj", "{7853B928-EF2F-48EE-9C36-66BBC519FF69}"
EndProject
Project("{9A19103F-16F7-4668-BE54-9A1E7A4F7556}") = "PasswordKeeper.Services", "PasswordKeeper.Services\PasswordKeeper.Services.csproj", "{B1D62866-A48A-413A-B2AC-124E74BAF2BC}"
EndProject
Project("{9A19103F-16F7-4668-BE54-9A1E7A4F7556}") = "PasswordKeeper.Utils", "PasswordKeeper.Utils\PasswordKeeper.Utils.csproj", "{A37FCFE3-3A51-4084-AA9F-E76B8A951E4D}"
EndProject
Project("{9A19103F-16F7-4668-BE54-9A1E7A4F7556}") = "PasswordKeeper.Apps.Wpf.Styling", "PasswordKeeper.Apps.Wpf.Styling\PasswordKeeper.Apps.Wpf.Styling.csproj", "{20DC8FF2-1D66-4B73-A2EA-59482A7A9684}"
EndProject
Project("{9A19103F-16F7-4668-BE54-9A1E7A4F7556}") = "PasswordKeeper.Apps.Wpf", "PasswordKeeper.Apps.Wpf\PasswordKeeper.Apps.Wpf.csproj", "{C34A03CE-847D-40E4-BF60-CE4C1C2C7CA2}"
EndProject
Project("{54435603-DBB4-11D2-8724-00A0C9A8B90C}") = "PasswordKeeper.Setup.Wpf", "PasswordKeeper.Setup.Wpf\PasswordKeeper.Setup.Wpf.vdproj", "{CD8A8B96-806E-4969-AE94-CA3DC9738FA2}"
EndProject
Global
	GlobalSection(SolutionConfigurationPlatforms) = preSolution
		All|Any CPU = All|Any CPU
		Debug|Any CPU = Debug|Any CPU
		DefaultBuild|Any CPU = DefaultBuild|Any CPU
		Release|Any CPU = Release|Any CPU
	EndGlobalSection
	GlobalSection(ProjectConfigurationPlatforms) = postSolution
		{D012E089-0962-48D2-8635-5532EF1BAA55}.All|Any CPU.ActiveCfg = Debug|Any CPU
		{D012E089-0962-48D2-8635-5532EF1BAA55}.All|Any CPU.Build.0 = Debug|Any CPU
		{D012E089-0962-48D2-8635-5532EF1BAA55}.Debug|Any CPU.ActiveCfg = Debug|Any CPU
		{D012E089-0962-48D2-8635-5532EF1BAA55}.Debug|Any CPU.Build.0 = Debug|Any CPU
		{D012E089-0962-48D2-8635-5532EF1BAA55}.DefaultBuild|Any CPU.ActiveCfg = Debug|Any CPU
		{D012E089-0962-48D2-8635-5532EF1BAA55}.DefaultBuild|Any CPU.Build.0 = Debug|Any CPU
		{D012E089-0962-48D2-8635-5532EF1BAA55}.Release|Any CPU.ActiveCfg = Release|Any CPU
		{D012E089-0962-48D2-8635-5532EF1BAA55}.Release|Any CPU.Build.0 = Release|Any CPU
		{7853B928-EF2F-48EE-9C36-66BBC519FF69}.All|Any CPU.ActiveCfg = Debug|Any CPU
		{7853B928-EF2F-48EE-9C36-66BBC519FF69}.All|Any CPU.Build.0 = Debug|Any CPU
		{7853B928-EF2F-48EE-9C36-66BBC519FF69}.Debug|Any CPU.ActiveCfg = Debug|Any CPU
		{7853B928-EF2F-48EE-9C36-66BBC519FF69}.Debug|Any CPU.Build.0 = Debug|Any CPU
		{7853B928-EF2F-48EE-9C36-66BBC519FF69}.DefaultBuild|Any CPU.ActiveCfg = Debug|Any CPU
		{7853B928-EF2F-48EE-9C36-66BBC519FF69}.DefaultBuild|Any CPU.Build.0 = Debug|Any CPU
		{7853B928-EF2F-48EE-9C36-66BBC519FF69}.Release|Any CPU.ActiveCfg = Release|Any CPU
		{7853B928-EF2F-48EE-9C36-66BBC519FF69}.Release|Any CPU.Build.0 = Release|Any CPU
		{B1D62866-A48A-413A-B2AC-124E74BAF2BC}.All|Any CPU.ActiveCfg = Debug|Any CPU
		{B1D62866-A48A-413A-B2AC-124E74BAF2BC}.All|Any CPU.Build.0 = Debug|Any CPU
		{B1D62866-A48A-413A-B2AC-124E74BAF2BC}.Debug|Any CPU.ActiveCfg = Debug|Any CPU
		{B1D62866-A48A-413A-B2AC-124E74BAF2BC}.Debug|Any CPU.Build.0 = Debug|Any CPU
		{B1D62866-A48A-413A-B2AC-124E74BAF2BC}.DefaultBuild|Any CPU.ActiveCfg = Debug|Any CPU
		{B1D62866-A48A-413A-B2AC-124E74BAF2BC}.DefaultBuild|Any CPU.Build.0 = Debug|Any CPU
		{B1D62866-A48A-413A-B2AC-124E74BAF2BC}.Release|Any CPU.ActiveCfg = Release|Any CPU
		{B1D62866-A48A-413A-B2AC-124E74BAF2BC}.Release|Any CPU.Build.0 = Release|Any CPU
		{A37FCFE3-3A51-4084-AA9F-E76B8A951E4D}.All|Any CPU.ActiveCfg = Debug|Any CPU
		{A37FCFE3-3A51-4084-AA9F-E76B8A951E4D}.All|Any CPU.Build.0 = Debug|Any CPU
		{A37FCFE3-3A51-4084-AA9F-E76B8A951E4D}.Debug|Any CPU.ActiveCfg = Debug|Any CPU
		{A37FCFE3-3A51-4084-AA9F-E76B8A951E4D}.Debug|Any CPU.Build.0 = Debug|Any CPU
		{A37FCFE3-3A51-4084-AA9F-E76B8A951E4D}.DefaultBuild|Any CPU.ActiveCfg = Debug|Any CPU
		{A37FCFE3-3A51-4084-AA9F-E76B8A951E4D}.DefaultBuild|Any CPU.Build.0 = Debug|Any CPU
		{A37FCFE3-3A51-4084-AA9F-E76B8A951E4D}.Release|Any CPU.ActiveCfg = Release|Any CPU
		{A37FCFE3-3A51-4084-AA9F-E76B8A951E4D}.Release|Any CPU.Build.0 = Release|Any CPU
		{20DC8FF2-1D66-4B73-A2EA-59482A7A9684}.All|Any CPU.ActiveCfg = Debug|Any CPU
		{20DC8FF2-1D66-4B73-A2EA-59482A7A9684}.All|Any CPU.Build.0 = Debug|Any CPU
		{20DC8FF2-1D66-4B73-A2EA-59482A7A9684}.Debug|Any CPU.ActiveCfg = Debug|Any CPU
		{20DC8FF2-1D66-4B73-A2EA-59482A7A9684}.Debug|Any CPU.Build.0 = Debug|Any CPU
		{20DC8FF2-1D66-4B73-A2EA-59482A7A9684}.DefaultBuild|Any CPU.ActiveCfg = Debug|Any CPU
		{20DC8FF2-1D66-4B73-A2EA-59482A7A9684}.DefaultBuild|Any CPU.Build.0 = Debug|Any CPU
		{20DC8FF2-1D66-4B73-A2EA-59482A7A9684}.Release|Any CPU.ActiveCfg = Release|Any CPU
		{20DC8FF2-1D66-4B73-A2EA-59482A7A9684}.Release|Any CPU.Build.0 = Release|Any CPU
		{C34A03CE-847D-40E4-BF60-CE4C1C2C7CA2}.All|Any CPU.ActiveCfg = Debug|Any CPU
		{C34A03CE-847D-40E4-BF60-CE4C1C2C7CA2}.All|Any CPU.Build.0 = Debug|Any CPU
		{C34A03CE-847D-40E4-BF60-CE4C1C2C7CA2}.Debug|Any CPU.ActiveCfg = Debug|Any CPU
		{C34A03CE-847D-40E4-BF60-CE4C1C2C7CA2}.Debug|Any CPU.Build.0 = Debug|Any CPU
		{C34A03CE-847D-40E4-BF60-CE4C1C2C7CA2}.DefaultBuild|Any CPU.ActiveCfg = Debug|Any CPU
		{C34A03CE-847D-40E4-BF60-CE4C1C2C7CA2}.DefaultBuild|Any CPU.Build.0 = Debug|Any CPU
		{C34A03CE-847D-40E4-BF60-CE4C1C2C7CA2}.Release|Any CPU.ActiveCfg = Release|Any CPU
		{C34A03CE-847D-40E4-BF60-CE4C1C2C7CA2}.Release|Any CPU.Build.0 = Release|Any CPU
		{CD8A8B96-806E-4969-AE94-CA3DC9738FA2}.All|Any CPU.ActiveCfg = Release
		{CD8A8B96-806E-4969-AE94-CA3DC9738FA2}.Debug|Any CPU.ActiveCfg = Debug
		{CD8A8B96-806E-4969-AE94-CA3DC9738FA2}.DefaultBuild|Any CPU.ActiveCfg = Debug
		{CD8A8B96-806E-4969-AE94-CA3DC9738FA2}.Release|Any CPU.ActiveCfg = Release
	EndGlobalSection
	GlobalSection(SolutionProperties) = preSolution
		HideSolutionNode = FALSE
	EndGlobalSection
	GlobalSection(NestedProjects) = preSolution
		{EFEAE783-5EEC-4D02-BADC-0C3BB2556C1D} = {62A474B7-CA9B-4596-B416-400EC96576AA}
		{D012E089-0962-48D2-8635-5532EF1BAA55} = {62A474B7-CA9B-4596-B416-400EC96576AA}
		{20DC8FF2-1D66-4B73-A2EA-59482A7A9684} = {EFEAE783-5EEC-4D02-BADC-0C3BB2556C1D}
		{C34A03CE-847D-40E4-BF60-CE4C1C2C7CA2} = {EFEAE783-5EEC-4D02-BADC-0C3BB2556C1D}
		{CD8A8B96-806E-4969-AE94-CA3DC9738FA2} = {85810FB7-E254-421B-9C98-72A118580A0C}
	EndGlobalSection
	GlobalSection(ExtensibilityGlobals) = postSolution
		SolutionGuid = {F5A69386-4223-41FB-B560-B262AC1C3CEC}
	EndGlobalSection
EndGlobal
